
Microsoft Visual Studio Solution File, Format Version 12.00
# Visual Studio Version 17
VisualStudioVersion = 17.14.36511.14
MinimumVisualStudioVersion = 10.0.40219.1
Project("{FAE04EC0-301F-11D3-BF4B-00C04F79EFBC}") = "Almacen.Core", "Almacen.Core\Almacen.Core.csproj", "{5A0020CB-2710-38E4-EDE5-EBB9D418AA0E}"
EndProject
Project("{FAE04EC0-301F-11D3-BF4B-00C04F79EFBC}") = "Almacen.Data", "Almacen.Data\Almacen.Data.csproj", "{4E562CFD-92DA-009C-F2C7-AC688EA44319}"
EndProject
Project("{FAE04EC0-301F-11D3-BF4B-00C04F79EFBC}") = "Almacen.UI", "Almacen.UI\Almacen.UI.csproj", "{7A580AE8-A7C4-2103-6C93-CA3EB5F1862E}"
EndProject
Project("{FAE04EC0-301F-11D3-BF4B-00C04F79EFBC}") = "Almacen.Business", "Almacen.Bussines.Services\Almacen.Business.csproj", "{9B7CEE57-BEE7-BBFE-B917-435AA1B57C31}"
EndProject
Global
	GlobalSection(SolutionConfigurationPlatforms) = preSolution
		Debug|Any CPU = Debug|Any CPU
		Release|Any CPU = Release|Any CPU
	EndGlobalSection
	GlobalSection(ProjectConfigurationPlatforms) = postSolution
		{5A0020CB-2710-38E4-EDE5-EBB9D418AA0E}.Debug|Any CPU.ActiveCfg = Debug|Any CPU
		{5A0020CB-2710-38E4-EDE5-EBB9D418AA0E}.Debug|Any CPU.Build.0 = Debug|Any CPU
		{5A0020CB-2710-38E4-EDE5-EBB9D418AA0E}.Release|Any CPU.ActiveCfg = Release|Any CPU
		{5A0020CB-2710-38E4-EDE5-EBB9D418AA0E}.Release|Any CPU.Build.0 = Release|Any CPU
		{4E562CFD-92DA-009C-F2C7-AC688EA44319}.Debug|Any CPU.ActiveCfg = Debug|Any CPU
		{4E562CFD-92DA-009C-F2C7-AC688EA44319}.Debug|Any CPU.Build.0 = Debug|Any CPU
		{4E562CFD-92DA-009C-F2C7-AC688EA44319}.Release|Any CPU.ActiveCfg = Release|Any CPU
		{4E562CFD-92DA-009C-F2C7-AC688EA44319}.Release|Any CPU.Build.0 = Release|Any CPU
		{7A580AE8-A7C4-2103-6C93-CA3EB5F1862E}.Debug|Any CPU.ActiveCfg = Debug|Any CPU
		{7A580AE8-A7C4-2103-6C93-CA3EB5F1862E}.Debug|Any CPU.Build.0 = Debug|Any CPU
		{7A580AE8-A7C4-2103-6C93-CA3EB5F1862E}.Release|Any CPU.ActiveCfg = Release|Any CPU
		{7A580AE8-A7C4-2103-6C93-CA3EB5F1862E}.Release|Any CPU.Build.0 = Release|Any CPU
		{9B7CEE57-BEE7-BBFE-B917-435AA1B57C31}.Debug|Any CPU.ActiveCfg = Debug|Any CPU
		{9B7CEE57-BEE7-BBFE-B917-435AA1B57C31}.Debug|Any CPU.Build.0 = Debug|Any CPU
		{9B7CEE57-BEE7-BBFE-B917-435AA1B57C31}.Release|Any CPU.ActiveCfg = Release|Any CPU
		{9B7CEE57-BEE7-BBFE-B917-435AA1B57C31}.Release|Any CPU.Build.0 = Release|Any CPU
	EndGlobalSection
	GlobalSection(SolutionProperties) = preSolution
		HideSolutionNode = FALSE
	EndGlobalSection
	GlobalSection(ExtensibilityGlobals) = postSolution
		SolutionGuid = {EB968669-FB35-4F83-B594-6C9E219B1B18}
	EndGlobalSection
EndGlobal
